// !$*UTF8*$!
{
	archiveVersion = 1;
	classes = {
	};
	objectVersion = 46;
	objects = {

/* Begin PBXBuildFile section */
		1312F93D1C65005D0064AA4C /* main.m in Sources */ = {isa = PBXBuildFile; fileRef = 1312F93C1C65005D0064AA4C /* main.m */; };
		1312F9401C65005D0064AA4C /* AppDelegate.m in Sources */ = {isa = PBXBuildFile; fileRef = 1312F93F1C65005D0064AA4C /* AppDelegate.m */; };
		1312F9471C65005D0064AA4C /* VTKViewController.mm in Sources */ = {isa = PBXBuildFile; fileRef = 1312F9461C65005D0064AA4C /* VTKViewController.mm */; };
		1312F94A1C65005D0064AA4C /* Main.storyboard in Resources */ = {isa = PBXBuildFile; fileRef = 1312F9481C65005D0064AA4C /* Main.storyboard */; };
		1312F94C1C65005D0064AA4C /* Assets.xcassets in Resources */ = {isa = PBXBuildFile; fileRef = 1312F94B1C65005D0064AA4C /* Assets.xcassets */; };
		1312F94F1C65005D0064AA4C /* LaunchScreen.storyboard in Resources */ = {isa = PBXBuildFile; fileRef = 1312F94D1C65005D0064AA4C /* LaunchScreen.storyboard */; };
		1312F9571C6502270064AA4C /* vtk.framework in Frameworks */ = {isa = PBXBuildFile; fileRef = 1312F9561C6502270064AA4C /* vtk.framework */; };
		1312F9591C6503EC0064AA4C /* GLKit.framework in Frameworks */ = {isa = PBXBuildFile; fileRef = 1312F9581C6503EC0064AA4C /* GLKit.framework */; };
		1312F95F1C650B050064AA4C /* SettingsTableViewController.mm in Sources */ = {isa = PBXBuildFile; fileRef = 1312F95E1C650B050064AA4C /* SettingsTableViewController.mm */; };
		135BC9A11C777D12009C8169 /* iOSapplication.icns in Resources */ = {isa = PBXBuildFile; fileRef = 135BC9A01C777D12009C8169 /* iOSapplication.icns */; };
/* End PBXBuildFile section */

/* Begin PBXFileReference section */
		1312F9381C65005D0064AA4C /* PlaneView.app */ = {isa = PBXFileReference; explicitFileType = wrapper.application; includeInIndex = 0; path = PlaneView.app; sourceTree = BUILT_PRODUCTS_DIR; };
		1312F93C1C65005D0064AA4C /* main.m */ = {isa = PBXFileReference; lastKnownFileType = sourcecode.c.objc; path = main.m; sourceTree = "<group>"; };
		1312F93E1C65005D0064AA4C /* AppDelegate.h */ = {isa = PBXFileReference; lastKnownFileType = sourcecode.c.h; path = AppDelegate.h; sourceTree = "<group>"; };
		1312F93F1C65005D0064AA4C /* AppDelegate.m */ = {isa = PBXFileReference; lastKnownFileType = sourcecode.c.objc; path = AppDelegate.m; sourceTree = "<group>"; };
		1312F9451C65005D0064AA4C /* VTKViewController.h */ = {isa = PBXFileReference; lastKnownFileType = sourcecode.c.h; path = VTKViewController.h; sourceTree = "<group>"; };
		1312F9461C65005D0064AA4C /* VTKViewController.mm */ = {isa = PBXFileReference; explicitFileType = sourcecode.cpp.objcpp; path = VTKViewController.mm; sourceTree = "<group>"; };
		1312F9491C65005D0064AA4C /* Base */ = {isa = PBXFileReference; lastKnownFileType = file.storyboard; name = Base; path = Base.lproj/Main.storyboard; sourceTree = "<group>"; };
		1312F94B1C65005D0064AA4C /* Assets.xcassets */ = {isa = PBXFileReference; lastKnownFileType = folder.assetcatalog; path = Assets.xcassets; sourceTree = "<group>"; };
		1312F94E1C65005D0064AA4C /* Base */ = {isa = PBXFileReference; lastKnownFileType = file.storyboard; name = Base; path = Base.lproj/LaunchScreen.storyboard; sourceTree = "<group>"; };
		1312F9501C65005D0064AA4C /* Info.plist */ = {isa = PBXFileReference; lastKnownFileType = text.plist.xml; path = Info.plist; sourceTree = "<group>"; };
		1312F9561C6502270064AA4C /* vtk.framework */ = {isa = PBXFileReference; lastKnownFileType = wrapper.framework; name = vtk.framework; path = ../../../../../../install/vtk.framework; sourceTree = "<group>"; };
		1312F9581C6503EC0064AA4C /* GLKit.framework */ = {isa = PBXFileReference; lastKnownFileType = wrapper.framework; name = GLKit.framework; path = System/Library/Frameworks/GLKit.framework; sourceTree = SDKROOT; };
		1312F95D1C650B050064AA4C /* SettingsTableViewController.h */ = {isa = PBXFileReference; fileEncoding = 4; lastKnownFileType = sourcecode.c.h; path = SettingsTableViewController.h; sourceTree = "<group>"; };
		1312F95E1C650B050064AA4C /* SettingsTableViewController.mm */ = {isa = PBXFileReference; fileEncoding = 4; lastKnownFileType = sourcecode.cpp.objcpp; path = SettingsTableViewController.mm; sourceTree = "<group>"; };
		1312F9631C68EADF0064AA4C /* PlaneView.entitlements */ = {isa = PBXFileReference; lastKnownFileType = text.xml; path = PlaneView.entitlements; sourceTree = "<group>"; };
		135BC9A01C777D12009C8169 /* iOSapplication.icns */ = {isa = PBXFileReference; lastKnownFileType = image.icns; name = iOSapplication.icns; path = iOSapplication.icns; sourceTree = "<group>"; };
/* End PBXFileReference section */

/* Begin PBXFrameworksBuildPhase section */
		1312F9351C65005D0064AA4C /* Frameworks */ = {
			isa = PBXFrameworksBuildPhase;
			buildActionMask = 2147483647;
			files = (
				1312F9591C6503EC0064AA4C /* GLKit.framework in Frameworks */,
				1312F9571C6502270064AA4C /* vtk.framework in Frameworks */,
			);
			runOnlyForDeploymentPostprocessing = 0;
		};
/* End PBXFrameworksBuildPhase section */

/* Begin PBXGroup section */
		1312F92F1C65005D0064AA4C = {
			isa = PBXGroup;
			children = (
				1312F9581C6503EC0064AA4C /* GLKit.framework */,
				1312F9561C6502270064AA4C /* vtk.framework */,
				1312F93A1C65005D0064AA4C /* PlaneView */,
				1312F9391C65005D0064AA4C /* Products */,
			);
			sourceTree = "<group>";
		};
		1312F9391C65005D0064AA4C /* Products */ = {
			isa = PBXGroup;
			children = (
				1312F9381C65005D0064AA4C /* PlaneView.app */,
			);
			name = Products;
			sourceTree = "<group>";
		};
		1312F93A1C65005D0064AA4C /* PlaneView */ = {
			isa = PBXGroup;
			children = (
				135BC9A01C777D12009C8169 /* iOSapplication.icns */,
				1312F9631C68EADF0064AA4C /* PlaneView.entitlements */,
				1312F93E1C65005D0064AA4C /* AppDelegate.h */,
				1312F93F1C65005D0064AA4C /* AppDelegate.m */,
				1312F9451C65005D0064AA4C /* VTKViewController.h */,
				1312F9461C65005D0064AA4C /* VTKViewController.mm */,
				1312F9481C65005D0064AA4C /* Main.storyboard */,
				1312F94B1C65005D0064AA4C /* Assets.xcassets */,
				1312F94D1C65005D0064AA4C /* LaunchScreen.storyboard */,
				1312F9501C65005D0064AA4C /* Info.plist */,
				1312F93B1C65005D0064AA4C /* Supporting Files */,
				1312F95D1C650B050064AA4C /* SettingsTableViewController.h */,
				1312F95E1C650B050064AA4C /* SettingsTableViewController.mm */,
			);
			path = PlaneView;
			sourceTree = "<group>";
		};
		1312F93B1C65005D0064AA4C /* Supporting Files */ = {
			isa = PBXGroup;
			children = (
				1312F93C1C65005D0064AA4C /* main.m */,
			);
			name = "Supporting Files";
			sourceTree = "<group>";
		};
/* End PBXGroup section */

/* Begin PBXNativeTarget section */
		1312F9371C65005D0064AA4C /* PlaneView */ = {
			isa = PBXNativeTarget;
			buildConfigurationList = 1312F9531C65005D0064AA4C /* Build configuration list for PBXNativeTarget "PlaneView" */;
			buildPhases = (
				1312F9341C65005D0064AA4C /* Sources */,
				1312F9351C65005D0064AA4C /* Frameworks */,
				1312F9361C65005D0064AA4C /* Resources */,
			);
			buildRules = (
			);
			dependencies = (
			);
			name = PlaneView;
			productName = PlaneView;
			productReference = 1312F9381C65005D0064AA4C /* PlaneView.app */;
			productType = "com.apple.product-type.application";
		};
/* End PBXNativeTarget section */

/* Begin PBXProject section */
		1312F9301C65005D0064AA4C /* Project object */ = {
			isa = PBXProject;
			attributes = {
				KnownAssetTags = (
					enableProbeSwitch,
				);
				LastUpgradeCheck = 0720;
				ORGANIZATIONNAME = "Kitware Inc.";
				TargetAttributes = {
					1312F9371C65005D0064AA4C = {
						CreatedOnToolsVersion = 7.2;
						DevelopmentTeam = W38PE5Y733;
						SystemCapabilities = {
							com.apple.iCloud = {
								enabled = 1;
							};
						};
					};
				};
			};
			buildConfigurationList = 1312F9331C65005D0064AA4C /* Build configuration list for PBXProject "PlaneView" */;
			compatibilityVersion = "Xcode 3.2";
			developmentRegion = English;
			hasScannedForEncodings = 0;
			knownRegions = (
				en,
				Base,
			);
			mainGroup = 1312F92F1C65005D0064AA4C;
			productRefGroup = 1312F9391C65005D0064AA4C /* Products */;
			projectDirPath = "";
			projectRoot = "";
			targets = (
				1312F9371C65005D0064AA4C /* PlaneView */,
			);
		};
/* End PBXProject section */

/* Begin PBXResourcesBuildPhase section */
		1312F9361C65005D0064AA4C /* Resources */ = {
			isa = PBXResourcesBuildPhase;
			buildActionMask = 2147483647;
			files = (
				1312F94A1C65005D0064AA4C /* Main.storyboard in Resources */,
				1312F94C1C65005D0064AA4C /* Assets.xcassets in Resources */,
				135BC9A11C777D12009C8169 /* iOSapplication.icns in Resources */,
				1312F94F1C65005D0064AA4C /* LaunchScreen.storyboard in Resources */,
			);
			runOnlyForDeploymentPostprocessing = 0;
		};
/* End PBXResourcesBuildPhase section */

/* Begin PBXSourcesBuildPhase section */
		1312F9341C65005D0064AA4C /* Sources */ = {
			isa = PBXSourcesBuildPhase;
			buildActionMask = 2147483647;
			files = (
				1312F95F1C650B050064AA4C /* SettingsTableViewController.mm in Sources */,
				1312F9401C65005D0064AA4C /* AppDelegate.m in Sources */,
				1312F9471C65005D0064AA4C /* VTKViewController.mm in Sources */,
				1312F93D1C65005D0064AA4C /* main.m in Sources */,
			);
			runOnlyForDeploymentPostprocessing = 0;
		};
/* End PBXSourcesBuildPhase section */

/* Begin PBXVariantGroup section */
		1312F9481C65005D0064AA4C /* Main.storyboard */ = {
			isa = PBXVariantGroup;
			children = (
				1312F9491C65005D0064AA4C /* Base */,
			);
			name = Main.storyboard;
			sourceTree = "<group>";
		};
		1312F94D1C65005D0064AA4C /* LaunchScreen.storyboard */ = {
			isa = PBXVariantGroup;
			children = (
				1312F94E1C65005D0064AA4C /* Base */,
			);
			name = LaunchScreen.storyboard;
			sourceTree = "<group>";
		};
/* End PBXVariantGroup section */

/* Begin XCBuildConfiguration section */
		1312F9511C65005D0064AA4C /* Debug */ = {
			isa = XCBuildConfiguration;
			buildSettings = {
				ALWAYS_SEARCH_USER_PATHS = NO;
				CLANG_CXX_LANGUAGE_STANDARD = "gnu++0x";
				CLANG_CXX_LIBRARY = "libc++";
				CLANG_ENABLE_MODULES = YES;
				CLANG_ENABLE_OBJC_ARC = YES;
				CLANG_WARN_BOOL_CONVERSION = YES;
				CLANG_WARN_CONSTANT_CONVERSION = YES;
				CLANG_WARN_DIRECT_OBJC_ISA_USAGE = YES_ERROR;
				CLANG_WARN_EMPTY_BODY = YES;
				CLANG_WARN_ENUM_CONVERSION = YES;
				CLANG_WARN_INT_CONVERSION = YES;
				CLANG_WARN_OBJC_ROOT_CLASS = YES_ERROR;
				CLANG_WARN_UNREACHABLE_CODE = YES;
				CLANG_WARN__DUPLICATE_METHOD_MATCH = YES;
				"CODE_SIGN_IDENTITY[sdk=iphoneos*]" = "iPhone Developer";
				COPY_PHASE_STRIP = NO;
				DEBUG_INFORMATION_FORMAT = "dwarf-with-dsym";
				ENABLE_BITCODE = NO;
				ENABLE_STRICT_OBJC_MSGSEND = YES;
				ENABLE_TESTABILITY = YES;
				GCC_C_LANGUAGE_STANDARD = gnu99;
				GCC_DYNAMIC_NO_PIC = NO;
				GCC_NO_COMMON_BLOCKS = YES;
				GCC_OPTIMIZATION_LEVEL = 0;
				GCC_PREPROCESSOR_DEFINITIONS = (
					"DEBUG=1",
					"$(inherited)",
				);
				GCC_WARN_64_TO_32_BIT_CONVERSION = YES;
				GCC_WARN_ABOUT_RETURN_TYPE = YES_ERROR;
				GCC_WARN_UNDECLARED_SELECTOR = YES;
				GCC_WARN_UNINITIALIZED_AUTOS = YES_AGGRESSIVE;
				GCC_WARN_UNUSED_FUNCTION = YES;
				GCC_WARN_UNUSED_VARIABLE = YES;
				IPHONEOS_DEPLOYMENT_TARGET = 9.1;
				MTL_ENABLE_DEBUG_INFO = YES;
				ONLY_ACTIVE_ARCH = YES;
				SDKROOT = iphoneos;
				TARGETED_DEVICE_FAMILY = "1,2";
			};
			name = Debug;
		};
		1312F9521C65005D0064AA4C /* Release */ = {
			isa = XCBuildConfiguration;
			buildSettings = {
				ALWAYS_SEARCH_USER_PATHS = NO;
				CLANG_CXX_LANGUAGE_STANDARD = "gnu++0x";
				CLANG_CXX_LIBRARY = "libc++";
				CLANG_ENABLE_MODULES = YES;
				CLANG_ENABLE_OBJC_ARC = YES;
				CLANG_WARN_BOOL_CONVERSION = YES;
				CLANG_WARN_CONSTANT_CONVERSION = YES;
				CLANG_WARN_DIRECT_OBJC_ISA_USAGE = YES_ERROR;
				CLANG_WARN_EMPTY_BODY = YES;
				CLANG_WARN_ENUM_CONVERSION = YES;
				CLANG_WARN_INT_CONVERSION = YES;
				CLANG_WARN_OBJC_ROOT_CLASS = YES_ERROR;
				CLANG_WARN_UNREACHABLE_CODE = YES;
				CLANG_WARN__DUPLICATE_METHOD_MATCH = YES;
				"CODE_SIGN_IDENTITY[sdk=iphoneos*]" = "iPhone Developer";
				COPY_PHASE_STRIP = NO;
				DEBUG_INFORMATION_FORMAT = "dwarf-with-dsym";
				ENABLE_BITCODE = NO;
				ENABLE_NS_ASSERTIONS = NO;
				ENABLE_STRICT_OBJC_MSGSEND = YES;
				GCC_C_LANGUAGE_STANDARD = gnu99;
				GCC_NO_COMMON_BLOCKS = YES;
				GCC_WARN_64_TO_32_BIT_CONVERSION = YES;
				GCC_WARN_ABOUT_RETURN_TYPE = YES_ERROR;
				GCC_WARN_UNDECLARED_SELECTOR = YES;
				GCC_WARN_UNINITIALIZED_AUTOS = YES_AGGRESSIVE;
				GCC_WARN_UNUSED_FUNCTION = YES;
				GCC_WARN_UNUSED_VARIABLE = YES;
				IPHONEOS_DEPLOYMENT_TARGET = 9.1;
				MTL_ENABLE_DEBUG_INFO = NO;
				SDKROOT = iphoneos;
				TARGETED_DEVICE_FAMILY = "1,2";
				VALIDATE_PRODUCT = YES;
			};
			name = Release;
		};
		1312F9541C65005D0064AA4C /* Debug */ = {
			isa = XCBuildConfiguration;
			buildSettings = {
				ASSETCATALOG_COMPILER_APPICON_NAME = AppIcon;
				CODE_SIGN_ENTITLEMENTS = PlaneView/PlaneView.entitlements;
				CODE_SIGN_IDENTITY = "iPhone Developer";
				"CODE_SIGN_IDENTITY[sdk=iphoneos*]" = "iPhone Developer";
				FRAMEWORK_SEARCH_PATHS = ../../../../../../install;
				HEADER_SEARCH_PATHS = ../../../../../../install/vtk.framework/Headers;
				INFOPLIST_FILE = PlaneView/Info.plist;
				LD_RUNPATH_SEARCH_PATHS = "$(inherited) @executable_path/Frameworks";
				PRODUCT_BUNDLE_IDENTIFIER = kitware.com.PlaneView;
				PRODUCT_NAME = "$(TARGET_NAME)";
				PROVISIONING_PROFILE = "";
			};
			name = Debug;
		};
		1312F9551C65005D0064AA4C /* Release */ = {
			isa = XCBuildConfiguration;
			buildSettings = {
				ASSETCATALOG_COMPILER_APPICON_NAME = AppIcon;
				CODE_SIGN_ENTITLEMENTS = PlaneView/PlaneView.entitlements;
				CODE_SIGN_IDENTITY = "iPhone Developer";
				"CODE_SIGN_IDENTITY[sdk=iphoneos*]" = "iPhone Developer";
				FRAMEWORK_SEARCH_PATHS = ../../../../../../install;
				HEADER_SEARCH_PATHS = ../../../../../../install/vtk.framework/Headers;
				INFOPLIST_FILE = PlaneView/Info.plist;
				LD_RUNPATH_SEARCH_PATHS = "$(inherited) @executable_path/Frameworks";
				PRODUCT_BUNDLE_IDENTIFIER = kitware.com.PlaneView;
				PRODUCT_NAME = "$(TARGET_NAME)";
				PROVISIONING_PROFILE = "";
			};
			name = Release;
		};
/* End XCBuildConfiguration section */

/* Begin XCConfigurationList section */
		1312F9331C65005D0064AA4C /* Build configuration list for PBXProject "PlaneView" */ = {
			isa = XCConfigurationList;
			buildConfigurations = (
				1312F9511C65005D0064AA4C /* Debug */,
				1312F9521C65005D0064AA4C /* Release */,
			);
			defaultConfigurationIsVisible = 0;
			defaultConfigurationName = Release;
		};
		1312F9531C65005D0064AA4C /* Build configuration list for PBXNativeTarget "PlaneView" */ = {
			isa = XCConfigurationList;
			buildConfigurations = (
				1312F9541C65005D0064AA4C /* Debug */,
				1312F9551C65005D0064AA4C /* Release */,
			);
			defaultConfigurationIsVisible = 0;
			defaultConfigurationName = Release;
		};
/* End XCConfigurationList section */
	};
	rootObject = 1312F9301C65005D0064AA4C /* Project object */;
}
